// !$*UTF8*$!
{
	archiveVersion = 1;
	classes = {
	};
	objectVersion = 56;
	objects = {

/* Begin PBXBuildFile section */
		0A0000010000000000000001 /* USAStatesQuizApp.swift in Sources */ = {isa = PBXBuildFile; fileRef = 0A0000010000000000000011 /* USAStatesQuizApp.swift */; };
		0A0000010000000000000002 /* ContentView.swift in Sources */ = {isa = PBXBuildFile; fileRef = 0A0000010000000000000012 /* ContentView.swift */; };
		0A0000010000000000000003 /* Assets.xcassets in Resources */ = {isa = PBXBuildFile; fileRef = 0A0000010000000000000013 /* Assets.xcassets */; };
		0A0000010000000000000004 /* us-states.json in Resources */ = {isa = PBXBuildFile; fileRef = 0A0000010000000000000014 /* us-states.json */; };
		0A0000010000000000000005 /* LaunchScreen.storyboard in Resources */ = {isa = PBXBuildFile; fileRef = 0A0000010000000000000016 /* LaunchScreen.storyboard */; };
		0A0000010000000000000006 /* brazil-states.json in Resources */ = {isa = PBXBuildFile; fileRef = 0A0000010000000000000017 /* brazil-states.json */; };
		0A0000010000000000000007 /* south-america-countries.json in Resources */ = {isa = PBXBuildFile; fileRef = 0A0000010000000000000018 /* south-america-countries.json */; };
		0A0000010000000000000008 /* central-america-countries.json in Resources */ = {isa = PBXBuildFile; fileRef = 0A0000010000000000000019 /* central-america-countries.json */; };
		0A0000010000000000000009 /* europe-countries.json in Resources */ = {isa = PBXBuildFile; fileRef = 0A000001000000000000001A /* europe-countries.json */; };
/* End PBXBuildFile section */

/* Begin PBXFileReference section */
		0A0000010000000000000010 /* USAStatesQuiz.app */ = {isa = PBXFileReference; explicitFileType = wrapper.application; includeInIndex = 0; path = USAStatesQuiz.app; sourceTree = BUILT_PRODUCTS_DIR; };
		0A0000010000000000000011 /* USAStatesQuizApp.swift */ = {isa = PBXFileReference; lastKnownFileType = sourcecode.swift; path = USAStatesQuizApp.swift; sourceTree = "<group>"; };
		0A0000010000000000000012 /* ContentView.swift */ = {isa = PBXFileReference; lastKnownFileType = sourcecode.swift; path = ContentView.swift; sourceTree = "<group>"; };
		0A0000010000000000000013 /* Assets.xcassets */ = {isa = PBXFileReference; lastKnownFileType = folder.assetcatalog; path = Assets.xcassets; sourceTree = "<group>"; };
		0A0000010000000000000014 /* us-states.json */ = {isa = PBXFileReference; lastKnownFileType = text.json; path = "us-states.json"; sourceTree = "<group>"; };
		0A0000010000000000000015 /* Info.plist */ = {isa = PBXFileReference; lastKnownFileType = text.plist.xml; path = Info.plist; sourceTree = "<group>"; };
		0A0000010000000000000016 /* LaunchScreen.storyboard */ = {isa = PBXFileReference; lastKnownFileType = file.storyboard; path = LaunchScreen.storyboard; sourceTree = "<group>"; };
		0A0000010000000000000017 /* brazil-states.json */ = {isa = PBXFileReference; lastKnownFileType = text.json; path = "brazil-states.json"; sourceTree = "<group>"; };
		0A0000010000000000000018 /* south-america-countries.json */ = {isa = PBXFileReference; lastKnownFileType = text.json; path = "south-america-countries.json"; sourceTree = "<group>"; };
		0A0000010000000000000019 /* central-america-countries.json */ = {isa = PBXFileReference; lastKnownFileType = text.json; path = "central-america-countries.json"; sourceTree = "<group>"; };
		0A000001000000000000001A /* europe-countries.json */ = {isa = PBXFileReference; lastKnownFileType = text.json; path = "europe-countries.json"; sourceTree = "<group>"; };
/* End PBXFileReference section */

/* Begin PBXFrameworksBuildPhase section */
		0A0000010000000000000020 /* Frameworks */ = {
			isa = PBXFrameworksBuildPhase;
			buildActionMask = 2147483647;
			files = (
			);
			runOnlyForDeploymentPostprocessing = 0;
		};
/* End PBXFrameworksBuildPhase section */

/* Begin PBXGroup section */
		0A0000010000000000000030 = {
			isa = PBXGroup;
			children = (
				0A0000010000000000000031 /* USAStatesQuiz */,
				0A0000010000000000000032 /* Products */,
			);
			sourceTree = "<group>";
		};
		0A0000010000000000000031 /* USAStatesQuiz */ = {
			isa = PBXGroup;
			children = (
				0A0000010000000000000011 /* USAStatesQuizApp.swift */,
				0A0000010000000000000012 /* ContentView.swift */,
				0A0000010000000000000015 /* Info.plist */,
				0A0000010000000000000016 /* LaunchScreen.storyboard */,
				0A0000010000000000000013 /* Assets.xcassets */,
				0A0000010000000000000033 /* Resources */,
			);
			path = USAStatesQuiz;
			sourceTree = "<group>";
		};
		0A0000010000000000000032 /* Products */ = {
			isa = PBXGroup;
			children = (
				0A0000010000000000000010 /* USAStatesQuiz.app */,
			);
			name = Products;
			sourceTree = "<group>";
		};
		0A0000010000000000000033 /* Resources */ = {
			isa = PBXGroup;
			children = (
				0A0000010000000000000014 /* us-states.json */,
				0A0000010000000000000017 /* brazil-states.json */,
				0A0000010000000000000018 /* south-america-countries.json */,
				0A0000010000000000000019 /* central-america-countries.json */,
				0A000001000000000000001A /* europe-countries.json */,
			);
			path = Resources;
			sourceTree = "<group>";
		};
/* End PBXGroup section */

/* Begin PBXNativeTarget section */
		0A0000010000000000000040 /* USAStatesQuiz */ = {
			isa = PBXNativeTarget;
			buildConfigurationList = 0A0000010000000000000090 /* Build configuration list for PBXNativeTarget "USAStatesQuiz" */;
			buildPhases = (
				0A0000010000000000000050 /* Sources */,
				0A0000010000000000000020 /* Frameworks */,
				0A0000010000000000000060 /* Resources */,
			);
			buildRules = (
			);
			dependencies = (
			);
			name = USAStatesQuiz;
			productName = USAStatesQuiz;
			productReference = 0A0000010000000000000010 /* USAStatesQuiz.app */;
			productType = "com.apple.product-type.application";
		};
/* End PBXNativeTarget section */

/* Begin PBXProject section */
		0A0000010000000000000070 /* Project object */ = {
			isa = PBXProject;
			attributes = {
				BuildIndependentTargetsInParallel = 1;
				LastSwiftUpdateCheck = 2600;
				LastUpgradeCheck = 2650;
				TargetAttributes = {
					0A0000010000000000000040 = {
						CreatedOnToolsVersion = 26.0;
					};
				};
			};
			buildConfigurationList = 0A0000010000000000000080 /* Build configuration list for PBXProject "USAStatesQuiz" */;
			compatibilityVersion = "Xcode 14.0";
			developmentRegion = en;
			hasScannedForEncodings = 0;
			knownRegions = (
				en,
				Base,
			);
			mainGroup = 0A0000010000000000000030;
			productRefGroup = 0A0000010000000000000032 /* Products */;
			projectDirPath = "";
			projectRoot = "";
			targets = (
				0A0000010000000000000040 /* USAStatesQuiz */,
			);
		};
/* End PBXProject section */

/* Begin PBXResourcesBuildPhase section */
		0A0000010000000000000060 /* Resources */ = {
			isa = PBXResourcesBuildPhase;
			buildActionMask = 2147483647;
			files = (
				0A0000010000000000000003 /* Assets.xcassets in Resources */,
				0A0000010000000000000004 /* us-states.json in Resources */,
				0A0000010000000000000005 /* LaunchScreen.storyboard in Resources */,
				0A0000010000000000000006 /* brazil-states.json in Resources */,
				0A0000010000000000000007 /* south-america-countries.json in Resources */,
				0A0000010000000000000008 /* central-america-countries.json in Resources */,
				0A0000010000000000000009 /* europe-countries.json in Resources */,
			);
			runOnlyForDeploymentPostprocessing = 0;
		};
/* End PBXResourcesBuildPhase section */

/* Begin PBXSourcesBuildPhase section */
		0A0000010000000000000050 /* Sources */ = {
			isa = PBXSourcesBuildPhase;
			buildActionMask = 2147483647;
			files = (
				0A0000010000000000000001 /* USAStatesQuizApp.swift in Sources */,
				0A0000010000000000000002 /* ContentView.swift in Sources */,
			);
			runOnlyForDeploymentPostprocessing = 0;
		};
/* End PBXSourcesBuildPhase section */

/* Begin XCBuildConfiguration section */
		0A00000100000000000000A0 /* Debug */ = {
			isa = XCBuildConfiguration;
			buildSettings = {
				ALWAYS_SEARCH_USER_PATHS = NO;
				CLANG_ANALYZER_NONNULL = YES;
				CLANG_ANALYZER_NUMBER_OBJECT_CONVERSION = YES_AGGRESSIVE;
				CLANG_CXX_LANGUAGE_STANDARD = "gnu++20";
				CLANG_ENABLE_MODULES = YES;
				CLANG_ENABLE_OBJC_ARC = YES;
				CLANG_ENABLE_OBJC_WEAK = YES;
				CLANG_WARN_BLOCK_CAPTURE_AUTORELEASING = YES;
				CLANG_WARN_BOOL_CONVERSION = YES;
				CLANG_WARN_COMMA = YES;
				CLANG_WARN_CONSTANT_CONVERSION = YES;
				CLANG_WARN_DEPRECATED_OBJC_IMPLEMENTATIONS = YES;
				CLANG_WARN_DIRECT_OBJC_ISA_USAGE = YES_ERROR;
				CLANG_WARN_DOCUMENTATION_COMMENTS = YES;
				CLANG_WARN_EMPTY_BODY = YES;
				CLANG_WARN_ENUM_CONVERSION = YES;
				CLANG_WARN_INFINITE_RECURSION = YES;
				CLANG_WARN_INT_CONVERSION = YES;
				CLANG_WARN_NON_LITERAL_NULL_CONVERSION = YES;
				CLANG_WARN_OBJC_IMPLICIT_RETAIN_SELF = YES;
				CLANG_WARN_OBJC_LITERAL_CONVERSION = YES;
				CLANG_WARN_OBJC_ROOT_CLASS = YES_ERROR;
				CLANG_WARN_QUOTED_INCLUDE_IN_FRAMEWORK_HEADER = YES;
				CLANG_WARN_RANGE_LOOP_ANALYSIS = YES;
				CLANG_WARN_STRICT_PROTOTYPES = YES;
				CLANG_WARN_SUSPICIOUS_MOVE = YES;
				CLANG_WARN_UNGUARDED_AVAILABILITY = YES_AGGRESSIVE;
				CLANG_WARN_UNREACHABLE_CODE = YES;
				CLANG_WARN__DUPLICATE_METHOD_MATCH = YES;
				COPY_PHASE_STRIP = NO;
				DEBUG_INFORMATION_FORMAT = dwarf;
				ENABLE_STRICT_OBJC_MSGSEND = YES;
				ENABLE_TESTABILITY = YES;
				ENABLE_USER_SCRIPT_SANDBOXING = YES;
				GCC_C_LANGUAGE_STANDARD = gnu17;
				GCC_DYNAMIC_NO_PIC = NO;
				GCC_NO_COMMON_BLOCKS = YES;
				GCC_OPTIMIZATION_LEVEL = 0;
				GCC_PREPROCESSOR_DEFINITIONS = (
					"DEBUG=1",
					"$(inherited)",
				);
				GCC_WARN_64_TO_32_BIT_CONVERSION = YES;
				GCC_WARN_ABOUT_RETURN_TYPE = YES_ERROR;
				GCC_WARN_UNDECLARED_SELECTOR = YES;
				GCC_WARN_UNINITIALIZED_AUTOS = YES_AGGRESSIVE;
				GCC_WARN_UNUSED_FUNCTION = YES;
				GCC_WARN_UNUSED_VARIABLE = YES;
				IPHONEOS_DEPLOYMENT_TARGET = 17.0;
				MTL_ENABLE_DEBUG_INFO = INCLUDE_SOURCE;
				MTL_FAST_MATH = YES;
				ONLY_ACTIVE_ARCH = YES;
				SDKROOT = iphoneos;
				STRING_CATALOG_GENERATE_SYMBOLS = YES;
				SWIFT_ACTIVE_COMPILATION_CONDITIONS = DEBUG;
				SWIFT_OPTIMIZATION_LEVEL = "-Onone";
			};
			name = Debug;
		};
		0A00000100000000000000A1 /* Release */ = {
			isa = XCBuildConfiguration;
			buildSettings = {
				ALWAYS_SEARCH_USER_PATHS = NO;
				CLANG_ANALYZER_NONNULL = YES;
				CLANG_ANALYZER_NUMBER_OBJECT_CONVERSION = YES_AGGRESSIVE;
				CLANG_CXX_LANGUAGE_STANDARD = "gnu++20";
				CLANG_ENABLE_MODULES = YES;
				CLANG_ENABLE_OBJC_ARC = YES;
				CLANG_ENABLE_OBJC_WEAK = YES;
				CLANG_WARN_BLOCK_CAPTURE_AUTORELEASING = YES;
				CLANG_WARN_BOOL_CONVERSION = YES;
				CLANG_WARN_COMMA = YES;
				CLANG_WARN_CONSTANT_CONVERSION = YES;
				CLANG_WARN_DEPRECATED_OBJC_IMPLEMENTATIONS = YES;
				CLANG_WARN_DIRECT_OBJC_ISA_USAGE = YES_ERROR;
				CLANG_WARN_DOCUMENTATION_COMMENTS = YES;
				CLANG_WARN_EMPTY_BODY = YES;
				CLANG_WARN_ENUM_CONVERSION = YES;
				CLANG_WARN_INFINITE_RECURSION = YES;
				CLANG_WARN_INT_CONVERSION = YES;
				CLANG_WARN_NON_LITERAL_NULL_CONVERSION = YES;
				CLANG_WARN_OBJC_IMPLICIT_RETAIN_SELF = YES;
				CLANG_WARN_OBJC_LITERAL_CONVERSION = YES;
				CLANG_WARN_OBJC_ROOT_CLASS = YES_ERROR;
				CLANG_WARN_QUOTED_INCLUDE_IN_FRAMEWORK_HEADER = YES;
				CLANG_WARN_RANGE_LOOP_ANALYSIS = YES;
				CLANG_WARN_STRICT_PROTOTYPES = YES;
				CLANG_WARN_SUSPICIOUS_MOVE = YES;
				CLANG_WARN_UNGUARDED_AVAILABILITY = YES_AGGRESSIVE;
				CLANG_WARN_UNREACHABLE_CODE = YES;
				CLANG_WARN__DUPLICATE_METHOD_MATCH = YES;
				COPY_PHASE_STRIP = NO;
				DEBUG_INFORMATION_FORMAT = "dwarf-with-dsym";
				ENABLE_NS_ASSERTIONS = NO;
				ENABLE_STRICT_OBJC_MSGSEND = YES;
				ENABLE_USER_SCRIPT_SANDBOXING = YES;
				GCC_C_LANGUAGE_STANDARD = gnu17;
				GCC_NO_COMMON_BLOCKS = YES;
				GCC_WARN_64_TO_32_BIT_CONVERSION = YES;
				GCC_WARN_ABOUT_RETURN_TYPE = YES_ERROR;
				GCC_WARN_UNDECLARED_SELECTOR = YES;
				GCC_WARN_UNINITIALIZED_AUTOS = YES_AGGRESSIVE;
				GCC_WARN_UNUSED_FUNCTION = YES;
				GCC_WARN_UNUSED_VARIABLE = YES;
				IPHONEOS_DEPLOYMENT_TARGET = 17.0;
				MTL_ENABLE_DEBUG_INFO = NO;
				MTL_FAST_MATH = YES;
				SDKROOT = iphoneos;
				STRING_CATALOG_GENERATE_SYMBOLS = YES;
				SWIFT_COMPILATION_MODE = wholemodule;
				SWIFT_OPTIMIZATION_LEVEL = "-O";
				VALIDATE_PRODUCT = YES;
			};
			name = Release;
		};
		0A00000100000000000000B0 /* Debug */ = {
			isa = XCBuildConfiguration;
			buildSettings = {
				ASSETCATALOG_COMPILER_APPICON_NAME = AppIcon;
				CODE_SIGN_STYLE = Automatic;
				CURRENT_PROJECT_VERSION = 1;
				DEVELOPMENT_ASSET_PATHS = "";
				DEVELOPMENT_TEAM = XZTH8NZ98V;
				ENABLE_PREVIEWS = YES;
				GENERATE_INFOPLIST_FILE = NO;
				INFOPLIST_FILE = USAStatesQuiz/Info.plist;
				IPHONEOS_DEPLOYMENT_TARGET = 17.0;
				LD_RUNPATH_SEARCH_PATHS = (
					"$(inherited)",
					"@executable_path/Frameworks",
				);
				MARKETING_VERSION = 1.0;
				PRODUCT_BUNDLE_IDENTIFIER = com.rafaelscone.USAStatesQuiz;
				PRODUCT_NAME = "$(TARGET_NAME)";
				SWIFT_EMIT_LOC_STRINGS = YES;
				SWIFT_VERSION = 5.0;
				TARGETED_DEVICE_FAMILY = "1,2";
			};
			name = Debug;
		};
		0A00000100000000000000B1 /* Release */ = {
			isa = XCBuildConfiguration;
			buildSettings = {
				ASSETCATALOG_COMPILER_APPICON_NAME = AppIcon;
				CODE_SIGN_STYLE = Automatic;
				CURRENT_PROJECT_VERSION = 1;
				DEVELOPMENT_ASSET_PATHS = "";
				DEVELOPMENT_TEAM = XZTH8NZ98V;
				ENABLE_PREVIEWS = YES;
				GENERATE_INFOPLIST_FILE = NO;
				INFOPLIST_FILE = USAStatesQuiz/Info.plist;
				IPHONEOS_DEPLOYMENT_TARGET = 17.0;
				LD_RUNPATH_SEARCH_PATHS = (
					"$(inherited)",
					"@executable_path/Frameworks",
				);
				MARKETING_VERSION = 1.0;
				PRODUCT_BUNDLE_IDENTIFIER = com.rafaelscone.USAStatesQuiz;
				PRODUCT_NAME = "$(TARGET_NAME)";
				SWIFT_EMIT_LOC_STRINGS = YES;
				SWIFT_VERSION = 5.0;
				TARGETED_DEVICE_FAMILY = "1,2";
			};
			name = Release;
		};
/* End XCBuildConfiguration section */

/* Begin XCConfigurationList section */
		0A0000010000000000000080 /* Build configuration list for PBXProject "USAStatesQuiz" */ = {
			isa = XCConfigurationList;
			buildConfigurations = (
				0A00000100000000000000A0 /* Debug */,
				0A00000100000000000000A1 /* Release */,
			);
			defaultConfigurationIsVisible = 0;
			defaultConfigurationName = Release;
		};
		0A0000010000000000000090 /* Build configuration list for PBXNativeTarget "USAStatesQuiz" */ = {
			isa = XCConfigurationList;
			buildConfigurations = (
				0A00000100000000000000B0 /* Debug */,
				0A00000100000000000000B1 /* Release */,
			);
			defaultConfigurationIsVisible = 0;
			defaultConfigurationName = Release;
		};
/* End XCConfigurationList section */
	};
	rootObject = 0A0000010000000000000070 /* Project object */;
}
